{
  "nodes": {
    "nixpkgs": {
      "locked": {
        "lastModified": 1768149890,
        "narHash": "sha256-iihg1oHkVkYHD1pFQifGEP+Rw1g+LZQyDNbtAqpXtNM=",
        "owner": "NixOS",
        "repo": "nixpkgs",
        "rev": "4d113fe1f7bb454435a5cabae6cd283e64191bb7",
        "type": "github"
      },
      "original": {
        "owner": "NixOS",
        "ref": "nixpkgs-unstable",
        "repo": "nixpkgs",
        "type": "github"
      }
    },
    "root": {
      "inputs": {
        "nixpkgs": "nixpkgs",
        "treefmt-nix": "treefmt-nix"
      }
    },
    "treefmt-nix": {
      "inputs": {
        "nixpkgs": [
          "nixpkgs"
        ]
      },
      "locked": {
        "lastModified": 1768031762,
        "narHash": "sha256-b2gJDJfi+TbA7Hu2sKip+1mWqya0GJaWrrXQjpbOVTU=",
        "owner": "numtide",
        "repo": "treefmt-nix",
        "rev": "0c445aa21b01fd1d4bb58927f7b268568af87b20",
        "type": "github"
      },
      "original": {
        "owner": "numtide",
        "repo": "treefmt-nix",
        "type": "github"
      }
    }
  },
  "root": "root",
  "version": 7
}
